<Solution>
  <Folder Name="/src/">
    <Project Path="src/Barbearia.Application/Barbearia.Application.csproj" />
    <Project Path="src/Barbearia.Domain/Barbearia.Domain.csproj" />
    <Project Path="src/Barbearia.Infrastructure/Barbearia.Infrastructure.csproj" />
    <Project Path="src/Barbearia.Web/Barbearia.Web.csproj" />
  </Folder>
</Solution>
